# THIS IS AN AUTOGENERATED FILE. DO NOT EDIT THIS FILE DIRECTLY.
# yarn lockfile v1


js-year-calendar@^1.0.2:
  version "1.0.2"
  resolved "https://registry.yarnpkg.com/js-year-calendar/-/js-year-calendar-1.0.2.tgz#eb60df6591b2543520b76245f158ad7e9b2915f2"
  integrity sha512-ayHH/vE7xuXgGCprhQ23REbp3Rb2fy1rXO8jA26Wmuw4vYJ/TTIgFxFuNAlNPL8WR4tNXfnG41nlH3p+hjFesg==

rc-year-calendar@^1.0.2:
  version "1.0.2"
  resolved "https://registry.yarnpkg.com/rc-year-calendar/-/rc-year-calendar-1.0.2.tgz#726480d1010edc8fd03032b210dc3f155ba2ae9e"
  integrity sha512-TdEHZ4hs3WEuEAAmX/HEWlK7EZwhACkpuJKdkxL360igekuQDguyXTC9RuDFdk6lv4CAT7L4d4D6PTP7zUMBlQ==
  dependencies:
    js-year-calendar "^1.0.2"
